Microsoft Visual Studio Solution File, Format Version 12.00
# Visual Studio Version 17
VisualStudioVersion = 17.5.2.0
MinimumVisualStudioVersion = 10.0.40219.1
Project("{FAE04EC0-301F-11D3-BF4B-00C04F79EFBC}") = "api-app", "api-app.csproj", "{A497C7D6-FA3E-7D7F-E367-08D9669FA884}"
EndProject
Global
	GlobalSection(SolutionConfigurationPlatforms) = preSolution
		Debug|Any CPU = Debug|Any CPU
		Release|Any CPU = Release|Any CPU
	EndGlobalSection
	GlobalSection(ProjectConfigurationPlatforms) = postSolution
		{A497C7D6-FA3E-7D7F-E367-08D9669FA884}.Debug|Any CPU.ActiveCfg = Debug|Any CPU
		{A497C7D6-FA3E-7D7F-E367-08D9669FA884}.Debug|Any CPU.Build.0 = Debug|Any CPU
		{A497C7D6-FA3E-7D7F-E367-08D9669FA884}.Release|Any CPU.ActiveCfg = Release|Any CPU
		{A497C7D6-FA3E-7D7F-E367-08D9669FA884}.Release|Any CPU.Build.0 = Release|Any CPU
	EndGlobalSection
	GlobalSection(SolutionProperties) = preSolution
		HideSolutionNode = FALSE
	EndGlobalSection
	GlobalSection(ExtensibilityGlobals) = postSolution
		SolutionGuid = {08D27EAF-DEC9-4725-9562-E79C53EB964D}
	EndGlobalSection
EndGlobal
